
Microsoft Visual Studio Solution File, Format Version 12.00
# Visual Studio Version 16
VisualStudioVersion = 16.0.31911.196
MinimumVisualStudioVersion = 10.0.40219.1
Project("{9A19103F-16F7-4668-BE54-9A1E7A4F7556}") = "HelloWorld", "HelloWorld\HelloWorld.csproj", "{0BC09D89-5730-4610-B796-A55C970C0122}"
EndProject
Project("{9A19103F-16F7-4668-BE54-9A1E7A4F7556}") = "Exos1_1_1", "Exos1_1_1\Exos1_1_1.csproj", "{E694CA76-CD43-42A6-A084-9FF5720524BF}"
EndProject
Project("{9A19103F-16F7-4668-BE54-9A1E7A4F7556}") = "Exos1_1_2", "Exos1_1_2\Exos1_1_2.csproj", "{B86A0778-24EE-47A8-87C6-85C52180F4CC}"
EndProject
Project("{9A19103F-16F7-4668-BE54-9A1E7A4F7556}") = "Exos1_1_3", "Exos1_1_3\Exos1_1_3.csproj", "{DFCC43B1-689E-46BE-936F-2DA8D58A6371}"
EndProject
Project("{9A19103F-16F7-4668-BE54-9A1E7A4F7556}") = "Exos 1.2", "Exos 1.2\Exos 1.2.csproj", "{A0D6FAFB-617E-49E3-93BA-E9211B42A34E}"
EndProject
Project("{9A19103F-16F7-4668-BE54-9A1E7A4F7556}") = "Exos_1_3", "Exos_1_3\Exos_1_3.csproj", "{4A874936-F9AF-4E14-B6F1-9886F4DCA1E9}"
EndProject
Project("{9A19103F-16F7-4668-BE54-9A1E7A4F7556}") = "Exos_1_4", "Exos_1_4\Exos_1_4.csproj", "{7EDCAC0C-BAF0-4D20-9C9E-D2E3F5A02D1F}"
EndProject
Project("{9A19103F-16F7-4668-BE54-9A1E7A4F7556}") = "Exos_1_5", "Exos_1_5\Exos_1_5.csproj", "{4B5A4A71-7851-45AC-BF3D-0A7341D4F54D}"
EndProject
Project("{9A19103F-16F7-4668-BE54-9A1E7A4F7556}") = "Exos_1_6", "Exos_1_6\Exos_1_6.csproj", "{15FD6CBC-D50E-4C7E-A6CA-7735999F0F49}"
EndProject
Project("{9A19103F-16F7-4668-BE54-9A1E7A4F7556}") = "Exos_1_7_1", "Exos_1_7\Exos_1_7_1.csproj", "{ABB8E728-9E3F-4431-A124-2823E23C19C5}"
EndProject
Project("{9A19103F-16F7-4668-BE54-9A1E7A4F7556}") = "Exos_1_7_2", "Exos_1_7_2\Exos_1_7_2.csproj", "{425ACBEE-23F5-4EA6-A413-350555FBE84D}"
EndProject
Project("{9A19103F-16F7-4668-BE54-9A1E7A4F7556}") = "Exos_1_8", "Exos_1_8\Exos_1_8.csproj", "{72003693-A59B-4528-AEB5-658C1A67347D}"
EndProject
Project("{9A19103F-16F7-4668-BE54-9A1E7A4F7556}") = "Exos_1_9", "Exos_1_9\Exos_1_9.csproj", "{A1BEA57E-AC8B-400F-93DC-4ED278F63060}"
EndProject
Project("{9A19103F-16F7-4668-BE54-9A1E7A4F7556}") = "Exos_1_10", "Exos_1_10\Exos_1_10.csproj", "{2AED9AF5-0C90-46B3-812D-DF315028F3C1}"
EndProject
Project("{9A19103F-16F7-4668-BE54-9A1E7A4F7556}") = "Exos_2_1_1", "Exos_2_1_1\Exos_2_1_1.csproj", "{25BE0C0C-0913-42A4-B219-6694608000C0}"
EndProject
Project("{9A19103F-16F7-4668-BE54-9A1E7A4F7556}") = "Exos_2_1_2", "Exos_2_1_2\Exos_2_1_2.csproj", "{C7A0D52A-3622-41B6-B3C5-D316C08D5B63}"
EndProject
Project("{9A19103F-16F7-4668-BE54-9A1E7A4F7556}") = "Exos_2_2_1", "Exos_2_2_1\Exos_2_2_1.csproj", "{0C23617A-F691-4EB3-9534-0F3CB3A8615A}"
EndProject
Project("{9A19103F-16F7-4668-BE54-9A1E7A4F7556}") = "Exos_2_2_2", "Exos_2_2_2\Exos_2_2_2.csproj", "{DCAE632E-C659-4502-99EF-6DBF95C97900}"
EndProject
Project("{9A19103F-16F7-4668-BE54-9A1E7A4F7556}") = "Exos_2_3", "Exos_2_3\Exos_2_3.csproj", "{EFBC81D5-1CF3-432B-A720-9EE00D1EF4B7}"
EndProject
Project("{9A19103F-16F7-4668-BE54-9A1E7A4F7556}") = "Exos_2_4", "Exos_2_4\Exos_2_4.csproj", "{B73E2169-1939-4883-8414-C7E71E29E270}"
EndProject
Project("{9A19103F-16F7-4668-BE54-9A1E7A4F7556}") = "Exos_2_5", "Exos_2_5\Exos_2_5.csproj", "{4BD39CD7-EC09-482D-B586-A18F8C22A014}"
EndProject
Project("{9A19103F-16F7-4668-BE54-9A1E7A4F7556}") = "Exos2_6", "Exos2_6\Exos2_6.csproj", "{4D79C58E-B53E-4D5A-BF6B-1412A4FDC9EE}"
EndProject
Project("{9A19103F-16F7-4668-BE54-9A1E7A4F7556}") = "Exos2_7_1", "Exos2_7_1\Exos2_7_1.csproj", "{665301E9-3717-4ACC-B83D-7495BBB33311}"
EndProject
Project("{9A19103F-16F7-4668-BE54-9A1E7A4F7556}") = "Exos3_1", "Exos3_1\Exos3_1.csproj", "{884FB621-3F68-4BEC-BB3F-BDDF16A7247E}"
EndProject
Project("{9A19103F-16F7-4668-BE54-9A1E7A4F7556}") = "Exos_3_2", "Exos_3_2\Exos_3_2.csproj", "{6E23296A-D5D0-49B7-ABDD-2373D9DA8556}"
EndProject
Project("{FAE04EC0-301F-11D3-BF4B-00C04F79EFBC}") = "Exos_3_4", "Exos_3_4\Exos_3_4.csproj", "{93876C7A-E125-452E-B3F8-284DD4D947DC}"
EndProject
Project("{FAE04EC0-301F-11D3-BF4B-00C04F79EFBC}") = "ExosRecursive_2_5", "ExosRecursive_2_5\ExosRecursive_2_5.csproj", "{1058CFB5-B7C4-43A2-BD5E-3FAC97C5E28F}"
EndProject
Global
	GlobalSection(SolutionConfigurationPlatforms) = preSolution
		Debug|Any CPU = Debug|Any CPU
		Release|Any CPU = Release|Any CPU
	EndGlobalSection
	GlobalSection(ProjectConfigurationPlatforms) = postSolution
		{0BC09D89-5730-4610-B796-A55C970C0122}.Debug|Any CPU.ActiveCfg = Debug|Any CPU
		{0BC09D89-5730-4610-B796-A55C970C0122}.Debug|Any CPU.Build.0 = Debug|Any CPU
		{0BC09D89-5730-4610-B796-A55C970C0122}.Release|Any CPU.ActiveCfg = Release|Any CPU
		{0BC09D89-5730-4610-B796-A55C970C0122}.Release|Any CPU.Build.0 = Release|Any CPU
		{E694CA76-CD43-42A6-A084-9FF5720524BF}.Debug|Any CPU.ActiveCfg = Debug|Any CPU
		{E694CA76-CD43-42A6-A084-9FF5720524BF}.Debug|Any CPU.Build.0 = Debug|Any CPU
		{E694CA76-CD43-42A6-A084-9FF5720524BF}.Release|Any CPU.ActiveCfg = Release|Any CPU
		{E694CA76-CD43-42A6-A084-9FF5720524BF}.Release|Any CPU.Build.0 = Release|Any CPU
		{B86A0778-24EE-47A8-87C6-85C52180F4CC}.Debug|Any CPU.ActiveCfg = Debug|Any CPU
		{B86A0778-24EE-47A8-87C6-85C52180F4CC}.Debug|Any CPU.Build.0 = Debug|Any CPU
		{B86A0778-24EE-47A8-87C6-85C52180F4CC}.Release|Any CPU.ActiveCfg = Release|Any CPU
		{B86A0778-24EE-47A8-87C6-85C52180F4CC}.Release|Any CPU.Build.0 = Release|Any CPU
		{DFCC43B1-689E-46BE-936F-2DA8D58A6371}.Debug|Any CPU.ActiveCfg = Debug|Any CPU
		{DFCC43B1-689E-46BE-936F-2DA8D58A6371}.Debug|Any CPU.Build.0 = Debug|Any CPU
		{DFCC43B1-689E-46BE-936F-2DA8D58A6371}.Release|Any CPU.ActiveCfg = Release|Any CPU
		{DFCC43B1-689E-46BE-936F-2DA8D58A6371}.Release|Any CPU.Build.0 = Release|Any CPU
		{A0D6FAFB-617E-49E3-93BA-E9211B42A34E}.Debug|Any CPU.ActiveCfg = Debug|Any CPU
		{A0D6FAFB-617E-49E3-93BA-E9211B42A34E}.Debug|Any CPU.Build.0 = Debug|Any CPU
		{A0D6FAFB-617E-49E3-93BA-E9211B42A34E}.Release|Any CPU.ActiveCfg = Release|Any CPU
		{A0D6FAFB-617E-49E3-93BA-E9211B42A34E}.Release|Any CPU.Build.0 = Release|Any CPU
		{4A874936-F9AF-4E14-B6F1-9886F4DCA1E9}.Debug|Any CPU.ActiveCfg = Debug|Any CPU
		{4A874936-F9AF-4E14-B6F1-9886F4DCA1E9}.Debug|Any CPU.Build.0 = Debug|Any CPU
		{4A874936-F9AF-4E14-B6F1-9886F4DCA1E9}.Release|Any CPU.ActiveCfg = Release|Any CPU
		{4A874936-F9AF-4E14-B6F1-9886F4DCA1E9}.Release|Any CPU.Build.0 = Release|Any CPU
		{7EDCAC0C-BAF0-4D20-9C9E-D2E3F5A02D1F}.Debug|Any CPU.ActiveCfg = Debug|Any CPU
		{7EDCAC0C-BAF0-4D20-9C9E-D2E3F5A02D1F}.Debug|Any CPU.Build.0 = Debug|Any CPU
		{7EDCAC0C-BAF0-4D20-9C9E-D2E3F5A02D1F}.Release|Any CPU.ActiveCfg = Release|Any CPU
		{7EDCAC0C-BAF0-4D20-9C9E-D2E3F5A02D1F}.Release|Any CPU.Build.0 = Release|Any CPU
		{4B5A4A71-7851-45AC-BF3D-0A7341D4F54D}.Debug|Any CPU.ActiveCfg = Debug|Any CPU
		{4B5A4A71-7851-45AC-BF3D-0A7341D4F54D}.Debug|Any CPU.Build.0 = Debug|Any CPU
		{4B5A4A71-7851-45AC-BF3D-0A7341D4F54D}.Release|Any CPU.ActiveCfg = Release|Any CPU
		{4B5A4A71-7851-45AC-BF3D-0A7341D4F54D}.Release|Any CPU.Build.0 = Release|Any CPU
		{15FD6CBC-D50E-4C7E-A6CA-7735999F0F49}.Debug|Any CPU.ActiveCfg = Debug|Any CPU
		{15FD6CBC-D50E-4C7E-A6CA-7735999F0F49}.Debug|Any CPU.Build.0 = Debug|Any CPU
		{15FD6CBC-D50E-4C7E-A6CA-7735999F0F49}.Release|Any CPU.ActiveCfg = Release|Any CPU
		{15FD6CBC-D50E-4C7E-A6CA-7735999F0F49}.Release|Any CPU.Build.0 = Release|Any CPU
		{ABB8E728-9E3F-4431-A124-2823E23C19C5}.Debug|Any CPU.ActiveCfg = Debug|Any CPU
		{ABB8E728-9E3F-4431-A124-2823E23C19C5}.Debug|Any CPU.Build.0 = Debug|Any CPU
		{ABB8E728-9E3F-4431-A124-2823E23C19C5}.Release|Any CPU.ActiveCfg = Release|Any CPU
		{ABB8E728-9E3F-4431-A124-2823E23C19C5}.Release|Any CPU.Build.0 = Release|Any CPU
		{425ACBEE-23F5-4EA6-A413-350555FBE84D}.Debug|Any CPU.ActiveCfg = Debug|Any CPU
		{425ACBEE-23F5-4EA6-A413-350555FBE84D}.Debug|Any CPU.Build.0 = Debug|Any CPU
		{425ACBEE-23F5-4EA6-A413-350555FBE84D}.Release|Any CPU.ActiveCfg = Release|Any CPU
		{425ACBEE-23F5-4EA6-A413-350555FBE84D}.Release|Any CPU.Build.0 = Release|Any CPU
		{72003693-A59B-4528-AEB5-658C1A67347D}.Debug|Any CPU.ActiveCfg = Debug|Any CPU
		{72003693-A59B-4528-AEB5-658C1A67347D}.Debug|Any CPU.Build.0 = Debug|Any CPU
		{72003693-A59B-4528-AEB5-658C1A67347D}.Release|Any CPU.ActiveCfg = Release|Any CPU
		{72003693-A59B-4528-AEB5-658C1A67347D}.Release|Any CPU.Build.0 = Release|Any CPU
		{A1BEA57E-AC8B-400F-93DC-4ED278F63060}.Debug|Any CPU.ActiveCfg = Debug|Any CPU
		{A1BEA57E-AC8B-400F-93DC-4ED278F63060}.Debug|Any CPU.Build.0 = Debug|Any CPU
		{A1BEA57E-AC8B-400F-93DC-4ED278F63060}.Release|Any CPU.ActiveCfg = Release|Any CPU
		{A1BEA57E-AC8B-400F-93DC-4ED278F63060}.Release|Any CPU.Build.0 = Release|Any CPU
		{2AED9AF5-0C90-46B3-812D-DF315028F3C1}.Debug|Any CPU.ActiveCfg = Debug|Any CPU
		{2AED9AF5-0C90-46B3-812D-DF315028F3C1}.Debug|Any CPU.Build.0 = Debug|Any CPU
		{2AED9AF5-0C90-46B3-812D-DF315028F3C1}.Release|Any CPU.ActiveCfg = Release|Any CPU
		{2AED9AF5-0C90-46B3-812D-DF315028F3C1}.Release|Any CPU.Build.0 = Release|Any CPU
		{25BE0C0C-0913-42A4-B219-6694608000C0}.Debug|Any CPU.ActiveCfg = Debug|Any CPU
		{25BE0C0C-0913-42A4-B219-6694608000C0}.Debug|Any CPU.Build.0 = Debug|Any CPU
		{25BE0C0C-0913-42A4-B219-6694608000C0}.Release|Any CPU.ActiveCfg = Release|Any CPU
		{25BE0C0C-0913-42A4-B219-6694608000C0}.Release|Any CPU.Build.0 = Release|Any CPU
		{C7A0D52A-3622-41B6-B3C5-D316C08D5B63}.Debug|Any CPU.ActiveCfg = Debug|Any CPU
		{C7A0D52A-3622-41B6-B3C5-D316C08D5B63}.Debug|Any CPU.Build.0 = Debug|Any CPU
		{C7A0D52A-3622-41B6-B3C5-D316C08D5B63}.Release|Any CPU.ActiveCfg = Release|Any CPU
		{C7A0D52A-3622-41B6-B3C5-D316C08D5B63}.Release|Any CPU.Build.0 = Release|Any CPU
		{0C23617A-F691-4EB3-9534-0F3CB3A8615A}.Debug|Any CPU.ActiveCfg = Debug|Any CPU
		{0C23617A-F691-4EB3-9534-0F3CB3A8615A}.Debug|Any CPU.Build.0 = Debug|Any CPU
		{0C23617A-F691-4EB3-9534-0F3CB3A8615A}.Release|Any CPU.ActiveCfg = Release|Any CPU
		{0C23617A-F691-4EB3-9534-0F3CB3A8615A}.Release|Any CPU.Build.0 = Release|Any CPU
		{DCAE632E-C659-4502-99EF-6DBF95C97900}.Debug|Any CPU.ActiveCfg = Debug|Any CPU
		{DCAE632E-C659-4502-99EF-6DBF95C97900}.Debug|Any CPU.Build.0 = Debug|Any CPU
		{DCAE632E-C659-4502-99EF-6DBF95C97900}.Release|Any CPU.ActiveCfg = Release|Any CPU
		{DCAE632E-C659-4502-99EF-6DBF95C97900}.Release|Any CPU.Build.0 = Release|Any CPU
		{EFBC81D5-1CF3-432B-A720-9EE00D1EF4B7}.Debug|Any CPU.ActiveCfg = Debug|Any CPU
		{EFBC81D5-1CF3-432B-A720-9EE00D1EF4B7}.Debug|Any CPU.Build.0 = Debug|Any CPU
		{EFBC81D5-1CF3-432B-A720-9EE00D1EF4B7}.Release|Any CPU.ActiveCfg = Release|Any CPU
		{EFBC81D5-1CF3-432B-A720-9EE00D1EF4B7}.Release|Any CPU.Build.0 = Release|Any CPU
		{B73E2169-1939-4883-8414-C7E71E29E270}.Debug|Any CPU.ActiveCfg = Debug|Any CPU
		{B73E2169-1939-4883-8414-C7E71E29E270}.Debug|Any CPU.Build.0 = Debug|Any CPU
		{B73E2169-1939-4883-8414-C7E71E29E270}.Release|Any CPU.ActiveCfg = Release|Any CPU
		{B73E2169-1939-4883-8414-C7E71E29E270}.Release|Any CPU.Build.0 = Release|Any CPU
		{4BD39CD7-EC09-482D-B586-A18F8C22A014}.Debug|Any CPU.ActiveCfg = Debug|Any CPU
		{4BD39CD7-EC09-482D-B586-A18F8C22A014}.Debug|Any CPU.Build.0 = Debug|Any CPU
		{4BD39CD7-EC09-482D-B586-A18F8C22A014}.Release|Any CPU.ActiveCfg = Release|Any CPU
		{4BD39CD7-EC09-482D-B586-A18F8C22A014}.Release|Any CPU.Build.0 = Release|Any CPU
		{4D79C58E-B53E-4D5A-BF6B-1412A4FDC9EE}.Debug|Any CPU.ActiveCfg = Debug|Any CPU
		{4D79C58E-B53E-4D5A-BF6B-1412A4FDC9EE}.Debug|Any CPU.Build.0 = Debug|Any CPU
		{4D79C58E-B53E-4D5A-BF6B-1412A4FDC9EE}.Release|Any CPU.ActiveCfg = Release|Any CPU
		{4D79C58E-B53E-4D5A-BF6B-1412A4FDC9EE}.Release|Any CPU.Build.0 = Release|Any CPU
		{665301E9-3717-4ACC-B83D-7495BBB33311}.Debug|Any CPU.ActiveCfg = Debug|Any CPU
		{665301E9-3717-4ACC-B83D-7495BBB33311}.Debug|Any CPU.Build.0 = Debug|Any CPU
		{665301E9-3717-4ACC-B83D-7495BBB33311}.Release|Any CPU.ActiveCfg = Release|Any CPU
		{665301E9-3717-4ACC-B83D-7495BBB33311}.Release|Any CPU.Build.0 = Release|Any CPU
		{884FB621-3F68-4BEC-BB3F-BDDF16A7247E}.Debug|Any CPU.ActiveCfg = Debug|Any CPU
		{884FB621-3F68-4BEC-BB3F-BDDF16A7247E}.Debug|Any CPU.Build.0 = Debug|Any CPU
		{884FB621-3F68-4BEC-BB3F-BDDF16A7247E}.Release|Any CPU.ActiveCfg = Release|Any CPU
		{884FB621-3F68-4BEC-BB3F-BDDF16A7247E}.Release|Any CPU.Build.0 = Release|Any CPU
		{6E23296A-D5D0-49B7-ABDD-2373D9DA8556}.Debug|Any CPU.ActiveCfg = Debug|Any CPU
		{6E23296A-D5D0-49B7-ABDD-2373D9DA8556}.Debug|Any CPU.Build.0 = Debug|Any CPU
		{6E23296A-D5D0-49B7-ABDD-2373D9DA8556}.Release|Any CPU.ActiveCfg = Release|Any CPU
		{6E23296A-D5D0-49B7-ABDD-2373D9DA8556}.Release|Any CPU.Build.0 = Release|Any CPU
		{93876C7A-E125-452E-B3F8-284DD4D947DC}.Debug|Any CPU.ActiveCfg = Debug|Any CPU
		{93876C7A-E125-452E-B3F8-284DD4D947DC}.Debug|Any CPU.Build.0 = Debug|Any CPU
		{93876C7A-E125-452E-B3F8-284DD4D947DC}.Release|Any CPU.ActiveCfg = Release|Any CPU
		{93876C7A-E125-452E-B3F8-284DD4D947DC}.Release|Any CPU.Build.0 = Release|Any CPU
		{1058CFB5-B7C4-43A2-BD5E-3FAC97C5E28F}.Debug|Any CPU.ActiveCfg = Debug|Any CPU
		{1058CFB5-B7C4-43A2-BD5E-3FAC97C5E28F}.Debug|Any CPU.Build.0 = Debug|Any CPU
		{1058CFB5-B7C4-43A2-BD5E-3FAC97C5E28F}.Release|Any CPU.ActiveCfg = Release|Any CPU
		{1058CFB5-B7C4-43A2-BD5E-3FAC97C5E28F}.Release|Any CPU.Build.0 = Release|Any CPU
	EndGlobalSection
	GlobalSection(SolutionProperties) = preSolution
		HideSolutionNode = FALSE
	EndGlobalSection
	GlobalSection(ExtensibilityGlobals) = postSolution
		SolutionGuid = {A7722FE4-7527-425A-84C4-07E6AAA740B6}
	EndGlobalSection
EndGlobal
